// !$*UTF8*$!
{
	archiveVersion = 1;
	classes = {
	};
	objectVersion = 46;
	objects = {

/* Begin PBXBuildFile section */
		64788D9B1C39A07D00B4B872 /* main.m in Sources */ = {isa = PBXBuildFile; fileRef = 64788D9A1C39A07D00B4B872 /* main.m */; };
		64788D9E1C39A07D00B4B872 /* AppDelegate.m in Sources */ = {isa = PBXBuildFile; fileRef = 64788D9D1C39A07D00B4B872 /* AppDelegate.m */; };
		64788DA11C39A07D00B4B872 /* ViewController.m in Sources */ = {isa = PBXBuildFile; fileRef = 64788DA01C39A07D00B4B872 /* ViewController.m */; };
		64788DA41C39A07D00B4B872 /* Main.storyboard in Resources */ = {isa = PBXBuildFile; fileRef = 64788DA21C39A07D00B4B872 /* Main.storyboard */; };
		64788DA61C39A07D00B4B872 /* Assets.xcassets in Resources */ = {isa = PBXBuildFile; fileRef = 64788DA51C39A07D00B4B872 /* Assets.xcassets */; };
		64788DA91C39A07D00B4B872 /* LaunchScreen.storyboard in Resources */ = {isa = PBXBuildFile; fileRef = 64788DA71C39A07D00B4B872 /* LaunchScreen.storyboard */; };
/* End PBXBuildFile section */

/* Begin PBXFileReference section */
		64788D961C39A07D00B4B872 /* INSStackViewForms.app */ = {isa = PBXFileReference; explicitFileType = wrapper.application; includeInIndex = 0; path = INSStackViewForms.app; sourceTree = BUILT_PRODUCTS_DIR; };
		64788D9A1C39A07D00B4B872 /* main.m */ = {isa = PBXFileReference; lastKnownFileType = sourcecode.c.objc; path = main.m; sourceTree = "<group>"; };
		64788D9C1C39A07D00B4B872 /* AppDelegate.h */ = {isa = PBXFileReference; lastKnownFileType = sourcecode.c.h; path = AppDelegate.h; sourceTree = "<group>"; };
		64788D9D1C39A07D00B4B872 /* AppDelegate.m */ = {isa = PBXFileReference; lastKnownFileType = sourcecode.c.objc; path = AppDelegate.m; sourceTree = "<group>"; };
		64788D9F1C39A07D00B4B872 /* ViewController.h */ = {isa = PBXFileReference; lastKnownFileType = sourcecode.c.h; path = ViewController.h; sourceTree = "<group>"; };
		64788DA01C39A07D00B4B872 /* ViewController.m */ = {isa = PBXFileReference; lastKnownFileType = sourcecode.c.objc; path = ViewController.m; sourceTree = "<group>"; };
		64788DA31C39A07D00B4B872 /* Base */ = {isa = PBXFileReference; lastKnownFileType = file.storyboard; name = Base; path = Base.lproj/Main.storyboard; sourceTree = "<group>"; };
		64788DA51C39A07D00B4B872 /* Assets.xcassets */ = {isa = PBXFileReference; lastKnownFileType = folder.assetcatalog; path = Assets.xcassets; sourceTree = "<group>"; };
		64788DA81C39A07D00B4B872 /* Base */ = {isa = PBXFileReference; lastKnownFileType = file.storyboard; name = Base; path = Base.lproj/LaunchScreen.storyboard; sourceTree = "<group>"; };
		64788DAA1C39A07D00B4B872 /* Info.plist */ = {isa = PBXFileReference; lastKnownFileType = text.plist.xml; path = Info.plist; sourceTree = "<group>"; };
/* End PBXFileReference section */

/* Begin PBXFrameworksBuildPhase section */
		64788D931C39A07D00B4B872 /* Frameworks */ = {
			isa = PBXFrameworksBuildPhase;
			buildActionMask = 2147483647;
			files = (
			);
			runOnlyForDeploymentPostprocessing = 0;
		};
/* End PBXFrameworksBuildPhase section */

/* Begin PBXGroup section */
		64788D8D1C39A07D00B4B872 = {
			isa = PBXGroup;
			children = (
				64788D981C39A07D00B4B872 /* INSStackViewForms */,
				64788D971C39A07D00B4B872 /* Products */,
			);
			sourceTree = "<group>";
		};
		64788D971C39A07D00B4B872 /* Products */ = {
			isa = PBXGroup;
			children = (
				64788D961C39A07D00B4B872 /* INSStackViewForms.app */,
			);
			name = Products;
			sourceTree = "<group>";
		};
		64788D981C39A07D00B4B872 /* INSStackViewForms */ = {
			isa = PBXGroup;
			children = (
				64788D9C1C39A07D00B4B872 /* AppDelegate.h */,
				64788D9D1C39A07D00B4B872 /* AppDelegate.m */,
				64788D9F1C39A07D00B4B872 /* ViewController.h */,
				64788DA01C39A07D00B4B872 /* ViewController.m */,
				64788DA21C39A07D00B4B872 /* Main.storyboard */,
				64788DA51C39A07D00B4B872 /* Assets.xcassets */,
				64788DA71C39A07D00B4B872 /* LaunchScreen.storyboard */,
				64788DAA1C39A07D00B4B872 /* Info.plist */,
				64788D991C39A07D00B4B872 /* Supporting Files */,
			);
			path = INSStackViewForms;
			sourceTree = "<group>";
		};
		64788D991C39A07D00B4B872 /* Supporting Files */ = {
			isa = PBXGroup;
			children = (
				64788D9A1C39A07D00B4B872 /* main.m */,
			);
			name = "Supporting Files";
			sourceTree = "<group>";
		};
/* End PBXGroup section */

/* Begin PBXNativeTarget section */
		64788D951C39A07D00B4B872 /* INSStackViewForms */ = {
			isa = PBXNativeTarget;
			buildConfigurationList = 64788DAD1C39A07D00B4B872 /* Build configuration list for PBXNativeTarget "INSStackViewForms" */;
			buildPhases = (
				64788D921C39A07D00B4B872 /* Sources */,
				64788D931C39A07D00B4B872 /* Frameworks */,
				64788D941C39A07D00B4B872 /* Resources */,
			);
			buildRules = (
			);
			dependencies = (
			);
			name = INSStackViewForms;
			productName = INSStackViewForms;
			productReference = 64788D961C39A07D00B4B872 /* INSStackViewForms.app */;
			productType = "com.apple.product-type.application";
		};
/* End PBXNativeTarget section */

/* Begin PBXProject section */
		64788D8E1C39A07D00B4B872 /* Project object */ = {
			isa = PBXProject;
			attributes = {
				LastUpgradeCheck = 0720;
				ORGANIZATIONNAME = "Michal Zaborowski";
				TargetAttributes = {
					64788D951C39A07D00B4B872 = {
						CreatedOnToolsVersion = 7.2;
					};
				};
			};
			buildConfigurationList = 64788D911C39A07D00B4B872 /* Build configuration list for PBXProject "INSStackViewForms" */;
			compatibilityVersion = "Xcode 3.2";
			developmentRegion = English;
			hasScannedForEncodings = 0;
			knownRegions = (
				en,
				Base,
			);
			mainGroup = 64788D8D1C39A07D00B4B872;
			productRefGroup = 64788D971C39A07D00B4B872 /* Products */;
			projectDirPath = "";
			projectRoot = "";
			targets = (
				64788D951C39A07D00B4B872 /* INSStackViewForms */,
			);
		};
/* End PBXProject section */

/* Begin PBXResourcesBuildPhase section */
		64788D941C39A07D00B4B872 /* Resources */ = {
			isa = PBXResourcesBuildPhase;
			buildActionMask = 2147483647;
			files = (
				64788DA91C39A07D00B4B872 /* LaunchScreen.storyboard in Resources */,
				64788DA61C39A07D00B4B872 /* Assets.xcassets in Resources */,
				64788DA41C39A07D00B4B872 /* Main.storyboard in Resources */,
			);
			runOnlyForDeploymentPostprocessing = 0;
		};
/* End PBXResourcesBuildPhase section */

/* Begin PBXSourcesBuildPhase section */
		64788D921C39A07D00B4B872 /* Sources */ = {
			isa = PBXSourcesBuildPhase;
			buildActionMask = 2147483647;
			files = (
				64788DA11C39A07D00B4B872 /* ViewController.m in Sources */,
				64788D9E1C39A07D00B4B872 /* AppDelegate.m in Sources */,
				64788D9B1C39A07D00B4B872 /* main.m in Sources */,
			);
			runOnlyForDeploymentPostprocessing = 0;
		};
/* End PBXSourcesBuildPhase section */

/* Begin PBXVariantGroup section */
		64788DA21C39A07D00B4B872 /* Main.storyboard */ = {
			isa = PBXVariantGroup;
			children = (
				64788DA31C39A07D00B4B872 /* Base */,
			);
			name = Main.storyboard;
			sourceTree = "<group>";
		};
		64788DA71C39A07D00B4B872 /* LaunchScreen.storyboard */ = {
			isa = PBXVariantGroup;
			children = (
				64788DA81C39A07D00B4B872 /* Base */,
			);
			name = LaunchScreen.storyboard;
			sourceTree = "<group>";
		};
/* End PBXVariantGroup section */

/* Begin XCBuildConfiguration section */
		64788DAB1C39A07D00B4B872 /* Debug */ = {
			isa = XCBuildConfiguration;
			buildSettings = {
				ALWAYS_SEARCH_USER_PATHS = NO;
				CLANG_CXX_LANGUAGE_STANDARD = "gnu++0x";
				CLANG_CXX_LIBRARY = "libc++";
				CLANG_ENABLE_MODULES = YES;
				CLANG_ENABLE_OBJC_ARC = YES;
				CLANG_WARN_BOOL_CONVERSION = YES;
				CLANG_WARN_CONSTANT_CONVERSION = YES;
				CLANG_WARN_DIRECT_OBJC_ISA_USAGE = YES_ERROR;
				CLANG_WARN_EMPTY_BODY = YES;
				CLANG_WARN_ENUM_CONVERSION = YES;
				CLANG_WARN_INT_CONVERSION = YES;
				CLANG_WARN_OBJC_ROOT_CLASS = YES_ERROR;
				CLANG_WARN_UNREACHABLE_CODE = YES;
				CLANG_WARN__DUPLICATE_METHOD_MATCH = YES;
				"CODE_SIGN_IDENTITY[sdk=iphoneos*]" = "iPhone Developer";
				COPY_PHASE_STRIP = NO;
				DEBUG_INFORMATION_FORMAT = dwarf;
				ENABLE_STRICT_OBJC_MSGSEND = YES;
				ENABLE_TESTABILITY = YES;
				GCC_C_LANGUAGE_STANDARD = gnu99;
				GCC_DYNAMIC_NO_PIC = NO;
				GCC_NO_COMMON_BLOCKS = YES;
				GCC_OPTIMIZATION_LEVEL = 0;
				GCC_PREPROCESSOR_DEFINITIONS = (
					"DEBUG=1",
					"$(inherited)",
				);
				GCC_WARN_64_TO_32_BIT_CONVERSION = YES;
				GCC_WARN_ABOUT_RETURN_TYPE = YES_ERROR;
				GCC_WARN_UNDECLARED_SELECTOR = YES;
				GCC_WARN_UNINITIALIZED_AUTOS = YES_AGGRESSIVE;
				GCC_WARN_UNUSED_FUNCTION = YES;
				GCC_WARN_UNUSED_VARIABLE = YES;
				IPHONEOS_DEPLOYMENT_TARGET = 9.2;
				MTL_ENABLE_DEBUG_INFO = YES;
				ONLY_ACTIVE_ARCH = YES;
				SDKROOT = iphoneos;
			};
			name = Debug;
		};
		64788DAC1C39A07D00B4B872 /* Release */ = {
			isa = XCBuildConfiguration;
			buildSettings = {
				ALWAYS_SEARCH_USER_PATHS = NO;
				CLANG_CXX_LANGUAGE_STANDARD = "gnu++0x";
				CLANG_CXX_LIBRARY = "libc++";
				CLANG_ENABLE_MODULES = YES;
				CLANG_ENABLE_OBJC_ARC = YES;
				CLANG_WARN_BOOL_CONVERSION = YES;
				CLANG_WARN_CONSTANT_CONVERSION = YES;
				CLANG_WARN_DIRECT_OBJC_ISA_USAGE = YES_ERROR;
				CLANG_WARN_EMPTY_BODY = YES;
				CLANG_WARN_ENUM_CONVERSION = YES;
				CLANG_WARN_INT_CONVERSION = YES;
				CLANG_WARN_OBJC_ROOT_CLASS = YES_ERROR;
				CLANG_WARN_UNREACHABLE_CODE = YES;
				CLANG_WARN__DUPLICATE_METHOD_MATCH = YES;
				"CODE_SIGN_IDENTITY[sdk=iphoneos*]" = "iPhone Developer";
				COPY_PHASE_STRIP = NO;
				DEBUG_INFORMATION_FORMAT = "dwarf-with-dsym";
				ENABLE_NS_ASSERTIONS = NO;
				ENABLE_STRICT_OBJC_MSGSEND = YES;
				GCC_C_LANGUAGE_STANDARD = gnu99;
				GCC_NO_COMMON_BLOCKS = YES;
				GCC_WARN_64_TO_32_BIT_CONVERSION = YES;
				GCC_WARN_ABOUT_RETURN_TYPE = YES_ERROR;
				GCC_WARN_UNDECLARED_SELECTOR = YES;
				GCC_WARN_UNINITIALIZED_AUTOS = YES_AGGRESSIVE;
				GCC_WARN_UNUSED_FUNCTION = YES;
				GCC_WARN_UNUSED_VARIABLE = YES;
				IPHONEOS_DEPLOYMENT_TARGET = 9.2;
				MTL_ENABLE_DEBUG_INFO = NO;
				SDKROOT = iphoneos;
				VALIDATE_PRODUCT = YES;
			};
			name = Release;
		};
		64788DAE1C39A07D00B4B872 /* Debug */ = {
			isa = XCBuildConfiguration;
			buildSettings = {
				ASSETCATALOG_COMPILER_APPICON_NAME = AppIcon;
				INFOPLIST_FILE = INSStackViewForms/Info.plist;
				LD_RUNPATH_SEARCH_PATHS = "$(inherited) @executable_path/Frameworks";
				PRODUCT_BUNDLE_IDENTIFIER = io.inspace.INSStackViewForms;
				PRODUCT_NAME = "$(TARGET_NAME)";
			};
			name = Debug;
		};
		64788DAF1C39A07D00B4B872 /* Release */ = {
			isa = XCBuildConfiguration;
			buildSettings = {
				ASSETCATALOG_COMPILER_APPICON_NAME = AppIcon;
				INFOPLIST_FILE = INSStackViewForms/Info.plist;
				LD_RUNPATH_SEARCH_PATHS = "$(inherited) @executable_path/Frameworks";
				PRODUCT_BUNDLE_IDENTIFIER = io.inspace.INSStackViewForms;
				PRODUCT_NAME = "$(TARGET_NAME)";
			};
			name = Release;
		};
/* End XCBuildConfiguration section */

/* Begin XCConfigurationList section */
		64788D911C39A07D00B4B872 /* Build configuration list for PBXProject "INSStackViewForms" */ = {
			isa = XCConfigurationList;
			buildConfigurations = (
				64788DAB1C39A07D00B4B872 /* Debug */,
				64788DAC1C39A07D00B4B872 /* Release */,
			);
			defaultConfigurationIsVisible = 0;
			defaultConfigurationName = Release;
		};
		64788DAD1C39A07D00B4B872 /* Build configuration list for PBXNativeTarget "INSStackViewForms" */ = {
			isa = XCConfigurationList;
			buildConfigurations = (
				64788DAE1C39A07D00B4B872 /* Debug */,
				64788DAF1C39A07D00B4B872 /* Release */,
			);
			defaultConfigurationIsVisible = 0;
		};
/* End XCConfigurationList section */
	};
	rootObject = 64788D8E1C39A07D00B4B872 /* Project object */;
}
